{
  "name": "3M Instrument Logger",
  "lockfileVersion": 3,
  "requires": true,
  "packages": {
    "": {
      "dependencies": {
        "@node-projects/acad-ts": "^3.1.0"
      }
    },
    "node_modules/@node-projects/acad-ts": {
      "version": "3.1.0",
      "resolved": "https://registry.npmjs.org/@node-projects/acad-ts/-/acad-ts-3.1.0.tgz",
      "integrity": "sha512-FoMJTObXfOEURSXjhzXtzOjZuPvyUJjwgtKP1U7ie7ZIi7dkDt3rNpE2iMzFEd53afe2toNbG5xQG93cOenXrQ==",
      "license": "MIT"
    }
  }
}
